{
  "name": "make-me-a-content",
  "version": "0.0.4",
  "lockfileVersion": 1,
  "requires": true,
  "dependencies": {
    "@types/node": {
      "version": "10.17.37",
      "resolved": "https://registry.npmjs.org/@types/node/-/node-10.17.37.tgz",
      "integrity": "sha512-4c38N7p9k9yqdcANh/WExTahkBgOTmggCyrTvVcbE8ByqO3g8evt/407v/I4X/gdfUkIyZBSQh/Rc3tvuwlVGw==",
      "dev": true
    },
    "escape-string-regexp": {
      "version": "4.0.0",
      "resolved": "https://registry.npmjs.org/escape-string-regexp/-/escape-string-regexp-4.0.0.tgz",
      "integrity": "sha512-TtpcNJ3XAzx3Gq8sWRzJaVajRs0uVxA2YAkdb1jm2YkPz4G6egUFAyA3n5vtEIZefPk5Wa4UXbKuS5fKkJWdgA=="
    },
    "rome": {
      "version": "10.0.4-beta",
      "resolved": "https://registry.npmjs.org/rome/-/rome-10.0.4-beta.tgz",
      "integrity": "sha512-wDD/ZdImSt7Cg1/u3TxIBjIs56tEhPmXV/Rry1nExV+RogaLaF1IXTUbYNXDFzXBk9fEg+gnBovkY4WN/f41WQ==",
      "dev": true
    },
    "typescript": {
      "version": "4.0.3",
      "resolved": "https://registry.npmjs.org/typescript/-/typescript-4.0.3.tgz",
      "integrity": "sha512-tEu6DGxGgRJPb/mVPIZ48e69xCn2yRmCgYmDugAVwmJ6o+0u1RI18eO7E7WBTLYLaEVVOhwQmcdhQHweux/WPg==",
      "dev": true
    }
  }
}
